
Microsoft Visual Studio Solution File, Format Version 12.00
# Visual Studio Version 17
VisualStudioVersion = 17.7.34221.43
MinimumVisualStudioVersion = 10.0.40219.1
Project("{FAE04EC0-301F-11D3-BF4B-00C04F79EFBC}") = "MyCourseWork_02", "MyCourseWork_02\MyCourseWork_02.csproj", "{4E90A981-3AB0-4B87-8BEC-7D6B78E0932A}"
EndProject
Global
	GlobalSection(SolutionConfigurationPlatforms) = preSolution
		Debug|Any CPU = Debug|Any CPU
		Release|Any CPU = Release|Any CPU
	EndGlobalSection
	GlobalSection(ProjectConfigurationPlatforms) = postSolution
		{4E90A981-3AB0-4B87-8BEC-7D6B78E0932A}.Debug|Any CPU.ActiveCfg = Debug|Any CPU
		{4E90A981-3AB0-4B87-8BEC-7D6B78E0932A}.Debug|Any CPU.Build.0 = Debug|Any CPU
		{4E90A981-3AB0-4B87-8BEC-7D6B78E0932A}.Release|Any CPU.ActiveCfg = Release|Any CPU
		{4E90A981-3AB0-4B87-8BEC-7D6B78E0932A}.Release|Any CPU.Build.0 = Release|Any CPU
	EndGlobalSection
	GlobalSection(SolutionProperties) = preSolution
		HideSolutionNode = FALSE
	EndGlobalSection
	GlobalSection(ExtensibilityGlobals) = postSolution
		SolutionGuid = {CCA3E970-2967-4D0D-A8DA-719A501A8930}
	EndGlobalSection
EndGlobal
